
Microsoft Visual Studio Solution File, Format Version 12.00
Project("{FAE04EC0-301F-11D3-BF4B-00C04F79EFBC}") = "RemittanceGateway", "src\RemittanceGateway\RemittanceGateway.csproj", "{391E6272-3C6C-4FE5-86FB-AA3DB1CB0646}"
EndProject
Project("{2150E333-8FDC-42A3-9474-1A3956D46DE8}") = "src", "src", "{6CB17DCE-F346-4164-9331-421E880BAA61}"
EndProject
Project("{FAE04EC0-301F-11D3-BF4B-00C04F79EFBC}") = "RestProvider", "src\RestProvider\RestProvider.csproj", "{FB6E038C-00AB-4A24-81E9-388C817A14E2}"
EndProject
Project("{FAE04EC0-301F-11D3-BF4B-00C04F79EFBC}") = "Tokenizer", "src\Tokenizer\Tokenizer.csproj", "{FD1EBF78-5576-45D7-93AA-E349825D255B}"
EndProject
Project("{FAE04EC0-301F-11D3-BF4B-00C04F79EFBC}") = "RestAdapter", "src\RestAdapter\RestAdapter.csproj", "{A9ED4284-E5B2-49E7-92DE-3F4D4516B6AD}"
EndProject
Global
	GlobalSection(SolutionConfigurationPlatforms) = preSolution
		Debug|Any CPU = Debug|Any CPU
		Release|Any CPU = Release|Any CPU
	EndGlobalSection
	GlobalSection(ProjectConfigurationPlatforms) = postSolution
		{391E6272-3C6C-4FE5-86FB-AA3DB1CB0646}.Debug|Any CPU.ActiveCfg = Debug|Any CPU
		{391E6272-3C6C-4FE5-86FB-AA3DB1CB0646}.Debug|Any CPU.Build.0 = Debug|Any CPU
		{391E6272-3C6C-4FE5-86FB-AA3DB1CB0646}.Release|Any CPU.ActiveCfg = Release|Any CPU
		{391E6272-3C6C-4FE5-86FB-AA3DB1CB0646}.Release|Any CPU.Build.0 = Release|Any CPU
		{FB6E038C-00AB-4A24-81E9-388C817A14E2}.Debug|Any CPU.ActiveCfg = Debug|Any CPU
		{FB6E038C-00AB-4A24-81E9-388C817A14E2}.Debug|Any CPU.Build.0 = Debug|Any CPU
		{FB6E038C-00AB-4A24-81E9-388C817A14E2}.Release|Any CPU.ActiveCfg = Release|Any CPU
		{FB6E038C-00AB-4A24-81E9-388C817A14E2}.Release|Any CPU.Build.0 = Release|Any CPU
		{FD1EBF78-5576-45D7-93AA-E349825D255B}.Debug|Any CPU.ActiveCfg = Debug|Any CPU
		{FD1EBF78-5576-45D7-93AA-E349825D255B}.Debug|Any CPU.Build.0 = Debug|Any CPU
		{FD1EBF78-5576-45D7-93AA-E349825D255B}.Release|Any CPU.ActiveCfg = Release|Any CPU
		{FD1EBF78-5576-45D7-93AA-E349825D255B}.Release|Any CPU.Build.0 = Release|Any CPU
		{A9ED4284-E5B2-49E7-92DE-3F4D4516B6AD}.Debug|Any CPU.ActiveCfg = Debug|Any CPU
		{A9ED4284-E5B2-49E7-92DE-3F4D4516B6AD}.Debug|Any CPU.Build.0 = Debug|Any CPU
		{A9ED4284-E5B2-49E7-92DE-3F4D4516B6AD}.Release|Any CPU.ActiveCfg = Release|Any CPU
		{A9ED4284-E5B2-49E7-92DE-3F4D4516B6AD}.Release|Any CPU.Build.0 = Release|Any CPU
	EndGlobalSection
	GlobalSection(NestedProjects) = preSolution
		{391E6272-3C6C-4FE5-86FB-AA3DB1CB0646} = {6CB17DCE-F346-4164-9331-421E880BAA61}
		{FB6E038C-00AB-4A24-81E9-388C817A14E2} = {6CB17DCE-F346-4164-9331-421E880BAA61}
		{FD1EBF78-5576-45D7-93AA-E349825D255B} = {6CB17DCE-F346-4164-9331-421E880BAA61}
		{A9ED4284-E5B2-49E7-92DE-3F4D4516B6AD} = {6CB17DCE-F346-4164-9331-421E880BAA61}
	EndGlobalSection
EndGlobal
